{
  "name": "myapp",
  "version": "1.0.0",
  "lockfileVersion": 1,
  "requires": true,
  "dependencies": {
    "corpora": {
      "version": "https://github.com/dariusk/corpora/archive/master.tar.gz",
      "integrity": "sha512-q8/5IEhdKsKs6wrgsg0XJaKbRdeGxwPM0Q7HRzZKvuWEbeG6v1Ez2Z0zB3WhMvFFQmCPONkjPVXRzMkfLFUdvQ=="
    },
    "corpora-project": {
      "version": "0.2.0",
      "resolved": "https://registry.npmjs.org/corpora-project/-/corpora-project-0.2.0.tgz",
      "integrity": "sha1-eMDYYKDe8Jt1oS0jH2XQcyTfKGQ=",
      "requires": {
        "corpora": "https://github.com/dariusk/corpora/archive/master.tar.gz"
      }
    }
  }
}
